{
  "requires": true,
  "lockfileVersion": 1,
  "dependencies": {
    "vue-grd": {
      "version": "1.2.1",
      "resolved": "https://registry.npmjs.org/vue-grd/-/vue-grd-1.2.1.tgz",
      "integrity": "sha512-8HwjEBC6p6kyL1Io/1J30LWSHboa4c4h52Jn5tyY+e7VxBxTyqKkb9sw8SMP34T3VxAYj7X01lzrq2kMTcQBJw=="
    }
  }
}
